
Microsoft Visual Studio Solution File, Format Version 12.00
# Visual Studio Version 17
VisualStudioVersion = 17.5.33424.131
MinimumVisualStudioVersion = 10.0.40219.1
Project("{9A19103F-16F7-4668-BE54-9A1E7A4F7556}") = "ShopOnline.IDP", "ShopOnline.IDP.csproj", "{BAB4F60B-BCB6-4FC7-9FD0-90074D4A0C15}"
EndProject
Project("{E53339B2-1760-4266-BCC7-CA923CBCF16C}") = "docker-compose", "docker-compose.dcproj", "{92FEBCFD-B37E-49F8-8A4D-F5928B5AF343}"
EndProject
Global
	GlobalSection(SolutionConfigurationPlatforms) = preSolution
		Debug|Any CPU = Debug|Any CPU
		Release|Any CPU = Release|Any CPU
	EndGlobalSection
	GlobalSection(ProjectConfigurationPlatforms) = postSolution
		{BAB4F60B-BCB6-4FC7-9FD0-90074D4A0C15}.Debug|Any CPU.ActiveCfg = Debug|Any CPU
		{BAB4F60B-BCB6-4FC7-9FD0-90074D4A0C15}.Debug|Any CPU.Build.0 = Debug|Any CPU
		{BAB4F60B-BCB6-4FC7-9FD0-90074D4A0C15}.Release|Any CPU.ActiveCfg = Release|Any CPU
		{BAB4F60B-BCB6-4FC7-9FD0-90074D4A0C15}.Release|Any CPU.Build.0 = Release|Any CPU
		{92FEBCFD-B37E-49F8-8A4D-F5928B5AF343}.Debug|Any CPU.ActiveCfg = Debug|Any CPU
		{92FEBCFD-B37E-49F8-8A4D-F5928B5AF343}.Debug|Any CPU.Build.0 = Debug|Any CPU
		{92FEBCFD-B37E-49F8-8A4D-F5928B5AF343}.Release|Any CPU.ActiveCfg = Release|Any CPU
		{92FEBCFD-B37E-49F8-8A4D-F5928B5AF343}.Release|Any CPU.Build.0 = Release|Any CPU
	EndGlobalSection
	GlobalSection(SolutionProperties) = preSolution
		HideSolutionNode = FALSE
	EndGlobalSection
	GlobalSection(ExtensibilityGlobals) = postSolution
		SolutionGuid = {E6BE90A9-9622-460A-A4DE-E9592B4F5511}
	EndGlobalSection
EndGlobal
